<Solution>
  <Folder Name="/Solution Items/">
    <File Path="AGENTS.md" />
    <File Path="DEVELOPMENT.md" />
    <File Path="LICENSE.txt" />
    <File Path="README.md" />
    <File Path="SqlServer.sql" />
  </Folder>
  <Project Path="PasswordManager_.NET10/PasswordManager_.NET10.csproj">
    <Deploy Solution="Debug|*" />
  </Project>
  <Project Path="WebApiCore.Application/WebApiCore.Application.csproj" Id="e28a8622-4d41-4319-96cc-2220930f0937" />
  <Project Path="WebApiCore.Domain/WebApiCore.Domain.csproj" Id="0a4a3747-66b8-43ee-a94b-c29e97e9b2d3" />
  <Project Path="WebApiCore.Infrastructure/WebApiCore.Infrastructure.csproj" Id="a1c8db72-e3ee-4862-b0fb-205a255510dd" />
  <Project Path="WebApiCore.Tests/WebApiCore.Tests.csproj" Id="032c035c-dc8e-41d9-b06a-4a4f9116158b" />
  <Project Path="WebApiCore/WebApiCore.csproj" Id="67cd4338-27c4-48ac-91b0-d48d86c58ee4" />
</Solution>
